// !$*UTF8*$!
{
	archiveVersion = 1;
	classes = {
	};
	objectVersion = 70;
	objects = {

/* Begin PBXBuildFile section */
		8D8C19E85ED8DE4D039D1EFA /* SwiftJS in Frameworks */ = {isa = PBXBuildFile; productRef = 48CF8794BAAC1C6047C15C74 /* SwiftJS */; };
		A1274C2F9B5645C68AE47401 /* SwiftJSCalendar in Frameworks */ = {isa = PBXBuildFile; productRef = A1274C2F9B5645C68AE47411 /* SwiftJSCalendar */; };
		A1274C2F9B5645C68AE47402 /* SwiftJSLocation in Frameworks */ = {isa = PBXBuildFile; productRef = A1274C2F9B5645C68AE47412 /* SwiftJSLocation */; };
/* End PBXBuildFile section */

/* Begin PBXFileReference section */
		CF1A3521EDCBD76282A5E2C9 /* CatalogApp.app */ = {isa = PBXFileReference; includeInIndex = 0; lastKnownFileType = wrapper.application; path = CatalogApp.app; sourceTree = BUILT_PRODUCTS_DIR; };
		E50162B74C6947C885C38735 /* SwiftJS */ = {isa = PBXFileReference; lastKnownFileType = folder; name = SwiftJS; path = ../..; sourceTree = SOURCE_ROOT; };
/* End PBXFileReference section */

/* Begin PBXFileSystemSynchronizedRootGroup section */
		3F92D538AA64F9B6C10B1DCD /* App */ = {isa = PBXFileSystemSynchronizedRootGroup; explicitFileTypes = {}; explicitFolders = (); path = App; sourceTree = "<group>"; };
/* End PBXFileSystemSynchronizedRootGroup section */

/* Begin PBXFrameworksBuildPhase section */
		7DF08D42CC674F6EF666FA12 /* Frameworks */ = {
			isa = PBXFrameworksBuildPhase;
			buildActionMask = 2147483647;
			files = (
				8D8C19E85ED8DE4D039D1EFA /* SwiftJS in Frameworks */,
				A1274C2F9B5645C68AE47401 /* SwiftJSCalendar in Frameworks */,
				A1274C2F9B5645C68AE47402 /* SwiftJSLocation in Frameworks */,
			);
			runOnlyForDeploymentPostprocessing = 0;
		};
/* End PBXFrameworksBuildPhase section */

/* Begin PBXGroup section */
		24501F0CF9B76B9E64B95FF0 /* Packages */ = {
			isa = PBXGroup;
			children = (
				E50162B74C6947C885C38735 /* SwiftJS */,
			);
			name = Packages;
			sourceTree = "<group>";
		};
		549D752BF11C510764A98F39 /* Products */ = {
			isa = PBXGroup;
			children = (
				CF1A3521EDCBD76282A5E2C9 /* CatalogApp.app */,
			);
			name = Products;
			sourceTree = "<group>";
		};
		89B135C2D5E0D0D755EFF849 = {
			isa = PBXGroup;
			children = (
				3F92D538AA64F9B6C10B1DCD /* App */,
				24501F0CF9B76B9E64B95FF0 /* Packages */,
				549D752BF11C510764A98F39 /* Products */,
			);
			sourceTree = "<group>";
		};
/* End PBXGroup section */

/* Begin PBXNativeTarget section */
		A506D768993823235B995E29 /* CatalogApp */ = {
			isa = PBXNativeTarget;
			buildConfigurationList = 17D1E8E96698E49382199C1C /* Build configuration list for PBXNativeTarget "CatalogApp" */;
			buildPhases = (
				C7CB055D912D4C0D9BCC6525 /* Build Catalog Bundle */,
				BAA7F8066A14EE112CBB1A29 /* Sources */,
				7DF08D42CC674F6EF666FA12 /* Frameworks */,
			);
			buildRules = (
			);
			dependencies = (
			);
			fileSystemSynchronizedGroups = (
				3F92D538AA64F9B6C10B1DCD /* App */,
			);
			name = CatalogApp;
			packageProductDependencies = (
				48CF8794BAAC1C6047C15C74 /* SwiftJS */,
				A1274C2F9B5645C68AE47411 /* SwiftJSCalendar */,
				A1274C2F9B5645C68AE47412 /* SwiftJSLocation */,
			);
			productName = CatalogApp;
			productReference = CF1A3521EDCBD76282A5E2C9 /* CatalogApp.app */;
			productType = "com.apple.product-type.application";
		};
/* End PBXNativeTarget section */

/* Begin PBXProject section */
		41602CD6098F2376F46CDCD8 /* Project object */ = {
			isa = PBXProject;
			attributes = {
				BuildIndependentTargetsInParallel = YES;
				LastUpgradeCheck = 1430;
				TargetAttributes = {
					A506D768993823235B995E29 = {
						ProvisioningStyle = Automatic;
					};
				};
			};
			buildConfigurationList = 3D3DC9B8EB6ADC40F5C63CDE /* Build configuration list for PBXProject "CatalogApp" */;
			compatibilityVersion = "Xcode 14.0";
			developmentRegion = en;
			hasScannedForEncodings = 0;
			knownRegions = (
				Base,
				en,
			);
			mainGroup = 89B135C2D5E0D0D755EFF849;
			minimizedProjectReferenceProxies = 1;
			packageReferences = (
				7F4093F45C5EF3EDFC2E2DC7 /* XCLocalSwiftPackageReference "../.." */,
			);
			projectDirPath = "";
			projectRoot = "";
			targets = (
				A506D768993823235B995E29 /* CatalogApp */,
			);
		};
/* End PBXProject section */

/* Begin PBXShellScriptBuildPhase section */
		C7CB055D912D4C0D9BCC6525 /* Build Catalog Bundle */ = {
			isa = PBXShellScriptBuildPhase;
			buildActionMask = 2147483647;
			files = (
			);
			inputFileListPaths = (
			);
			inputPaths = (
			);
			name = "Build Catalog Bundle";
			outputFileListPaths = (
			);
				outputPaths = (
					"$(TARGET_BUILD_DIR)/$(UNLOCALIZED_RESOURCES_FOLDER_PATH)/catalog.bundle.js",
					"$(TARGET_BUILD_DIR)/$(UNLOCALIZED_RESOURCES_FOLDER_PATH)/catalog.bundle.js.map",
					"$(TARGET_BUILD_DIR)/$(UNLOCALIZED_RESOURCES_FOLDER_PATH)/benchmark.bundle.js",
					"$(TARGET_BUILD_DIR)/$(UNLOCALIZED_RESOURCES_FOLDER_PATH)/benchmark.bundle.js.map",
				);
			runOnlyForDeploymentPostprocessing = 0;
			shellPath = /bin/sh;
			shellScript = "export PATH=\"/opt/homebrew/bin:/usr/local/bin:$PATH\"\ntemp_dir=\"$(mktemp -d)\"\ntrap 'trash \"$temp_dir\"' EXIT\ncd \"$SRCROOT/JS\"\npnpm install --frozen-lockfile\nexport SWIFTJS_BUNDLE_OUTFILE=\"$temp_dir/catalog.bundle.js\"\nexport SWIFTJS_BENCHMARK_BUNDLE_OUTFILE=\"$temp_dir/benchmark.bundle.js\"\npnpm build\nditto \"$temp_dir/catalog.bundle.js\" \"$TARGET_BUILD_DIR/$UNLOCALIZED_RESOURCES_FOLDER_PATH/catalog.bundle.js\"\nditto \"$temp_dir/catalog.bundle.js.map\" \"$TARGET_BUILD_DIR/$UNLOCALIZED_RESOURCES_FOLDER_PATH/catalog.bundle.js.map\"\nditto \"$temp_dir/benchmark.bundle.js\" \"$TARGET_BUILD_DIR/$UNLOCALIZED_RESOURCES_FOLDER_PATH/benchmark.bundle.js\"\nditto \"$temp_dir/benchmark.bundle.js.map\" \"$TARGET_BUILD_DIR/$UNLOCALIZED_RESOURCES_FOLDER_PATH/benchmark.bundle.js.map\"\n";
		};
/* End PBXShellScriptBuildPhase section */

/* Begin PBXSourcesBuildPhase section */
		BAA7F8066A14EE112CBB1A29 /* Sources */ = {
			isa = PBXSourcesBuildPhase;
			buildActionMask = 2147483647;
			files = (
			);
			runOnlyForDeploymentPostprocessing = 0;
		};
/* End PBXSourcesBuildPhase section */

/* Begin XCBuildConfiguration section */
		23F7864C0E76D2FE3D3BFCC8 /* Debug */ = {
			isa = XCBuildConfiguration;
			buildSettings = {
				ASSETCATALOG_COMPILER_APPICON_NAME = AppIcon;
				CODE_SIGN_IDENTITY = "iPhone Developer";
				CODE_SIGN_STYLE = Automatic;
				GENERATE_INFOPLIST_FILE = YES;
				INFOPLIST_KEY_UIApplicationSceneManifest_Generation = YES;
				INFOPLIST_KEY_UILaunchScreen_Generation = YES;
				LD_RUNPATH_SEARCH_PATHS = (
					"$(inherited)",
					"@executable_path/Frameworks",
				);
				PRODUCT_BUNDLE_IDENTIFIER = com.swiftjs.catalogapp;
				PRODUCT_NAME = CatalogApp;
				SDKROOT = iphoneos;
				SUPPORTS_MACCATALYST = NO;
				SWIFT_VERSION = 6.0;
				TARGETED_DEVICE_FAMILY = 1;
			};
			name = Debug;
		};
		66EA26A1DA66FE210F07AFBE /* Release */ = {
			isa = XCBuildConfiguration;
			buildSettings = {
				ALWAYS_SEARCH_USER_PATHS = NO;
				CLANG_ANALYZER_NONNULL = YES;
				CLANG_ANALYZER_NUMBER_OBJECT_CONVERSION = YES_AGGRESSIVE;
				CLANG_CXX_LANGUAGE_STANDARD = "gnu++14";
				CLANG_CXX_LIBRARY = "libc++";
				CLANG_ENABLE_MODULES = YES;
				CLANG_ENABLE_OBJC_ARC = YES;
				CLANG_ENABLE_OBJC_WEAK = YES;
				CLANG_WARN_BLOCK_CAPTURE_AUTORELEASING = YES;
				CLANG_WARN_BOOL_CONVERSION = YES;
				CLANG_WARN_COMMA = YES;
				CLANG_WARN_CONSTANT_CONVERSION = YES;
				CLANG_WARN_DEPRECATED_OBJC_IMPLEMENTATIONS = YES;
				CLANG_WARN_DIRECT_OBJC_ISA_USAGE = YES_ERROR;
				CLANG_WARN_DOCUMENTATION_COMMENTS = YES;
				CLANG_WARN_EMPTY_BODY = YES;
				CLANG_WARN_ENUM_CONVERSION = YES;
				CLANG_WARN_INFINITE_RECURSION = YES;
				CLANG_WARN_INT_CONVERSION = YES;
				CLANG_WARN_NON_LITERAL_NULL_CONVERSION = YES;
				CLANG_WARN_OBJC_IMPLICIT_RETAIN_SELF = YES;
				CLANG_WARN_OBJC_LITERAL_CONVERSION = YES;
				CLANG_WARN_OBJC_ROOT_CLASS = YES_ERROR;
				CLANG_WARN_QUOTED_INCLUDE_IN_FRAMEWORK_HEADER = YES;
				CLANG_WARN_RANGE_LOOP_ANALYSIS = YES;
				CLANG_WARN_STRICT_PROTOTYPES = YES;
				CLANG_WARN_SUSPICIOUS_MOVE = YES;
				CLANG_WARN_UNGUARDED_AVAILABILITY = YES_AGGRESSIVE;
				CLANG_WARN_UNREACHABLE_CODE = YES;
				CLANG_WARN__DUPLICATE_METHOD_MATCH = YES;
				COPY_PHASE_STRIP = NO;
				DEBUG_INFORMATION_FORMAT = "dwarf-with-dsym";
				ENABLE_NS_ASSERTIONS = NO;
				ENABLE_STRICT_OBJC_MSGSEND = YES;
				GCC_C_LANGUAGE_STANDARD = gnu11;
				GCC_NO_COMMON_BLOCKS = YES;
				GCC_WARN_64_TO_32_BIT_CONVERSION = YES;
				GCC_WARN_ABOUT_RETURN_TYPE = YES_ERROR;
				GCC_WARN_UNDECLARED_SELECTOR = YES;
				GCC_WARN_UNINITIALIZED_AUTOS = YES_AGGRESSIVE;
				GCC_WARN_UNUSED_FUNCTION = YES;
				GCC_WARN_UNUSED_VARIABLE = YES;
				IPHONEOS_DEPLOYMENT_TARGET = 26.1;
				MTL_ENABLE_DEBUG_INFO = NO;
				MTL_FAST_MATH = YES;
				PRODUCT_NAME = "$(TARGET_NAME)";
				SDKROOT = iphoneos;
				SWIFT_COMPILATION_MODE = wholemodule;
				SWIFT_OPTIMIZATION_LEVEL = "-O";
				SWIFT_VERSION = 5.0;
			};
			name = Release;
		};
		ED73A9860BC2F13DA58F1205 /* Debug */ = {
			isa = XCBuildConfiguration;
			buildSettings = {
				ALWAYS_SEARCH_USER_PATHS = NO;
				CLANG_ANALYZER_NONNULL = YES;
				CLANG_ANALYZER_NUMBER_OBJECT_CONVERSION = YES_AGGRESSIVE;
				CLANG_CXX_LANGUAGE_STANDARD = "gnu++14";
				CLANG_CXX_LIBRARY = "libc++";
				CLANG_ENABLE_MODULES = YES;
				CLANG_ENABLE_OBJC_ARC = YES;
				CLANG_ENABLE_OBJC_WEAK = YES;
				CLANG_WARN_BLOCK_CAPTURE_AUTORELEASING = YES;
				CLANG_WARN_BOOL_CONVERSION = YES;
				CLANG_WARN_COMMA = YES;
				CLANG_WARN_CONSTANT_CONVERSION = YES;
				CLANG_WARN_DEPRECATED_OBJC_IMPLEMENTATIONS = YES;
				CLANG_WARN_DIRECT_OBJC_ISA_USAGE = YES_ERROR;
				CLANG_WARN_DOCUMENTATION_COMMENTS = YES;
				CLANG_WARN_EMPTY_BODY = YES;
				CLANG_WARN_ENUM_CONVERSION = YES;
				CLANG_WARN_INFINITE_RECURSION = YES;
				CLANG_WARN_INT_CONVERSION = YES;
				CLANG_WARN_NON_LITERAL_NULL_CONVERSION = YES;
				CLANG_WARN_OBJC_IMPLICIT_RETAIN_SELF = YES;
				CLANG_WARN_OBJC_LITERAL_CONVERSION = YES;
				CLANG_WARN_OBJC_ROOT_CLASS = YES_ERROR;
				CLANG_WARN_QUOTED_INCLUDE_IN_FRAMEWORK_HEADER = YES;
				CLANG_WARN_RANGE_LOOP_ANALYSIS = YES;
				CLANG_WARN_STRICT_PROTOTYPES = YES;
				CLANG_WARN_SUSPICIOUS_MOVE = YES;
				CLANG_WARN_UNGUARDED_AVAILABILITY = YES_AGGRESSIVE;
				CLANG_WARN_UNREACHABLE_CODE = YES;
				CLANG_WARN__DUPLICATE_METHOD_MATCH = YES;
				COPY_PHASE_STRIP = NO;
				DEBUG_INFORMATION_FORMAT = dwarf;
				ENABLE_STRICT_OBJC_MSGSEND = YES;
				ENABLE_TESTABILITY = YES;
				GCC_C_LANGUAGE_STANDARD = gnu11;
				GCC_DYNAMIC_NO_PIC = NO;
				GCC_NO_COMMON_BLOCKS = YES;
				GCC_OPTIMIZATION_LEVEL = 0;
				GCC_PREPROCESSOR_DEFINITIONS = (
					"$(inherited)",
					"DEBUG=1",
				);
				GCC_WARN_64_TO_32_BIT_CONVERSION = YES;
				GCC_WARN_ABOUT_RETURN_TYPE = YES_ERROR;
				GCC_WARN_UNDECLARED_SELECTOR = YES;
				GCC_WARN_UNINITIALIZED_AUTOS = YES_AGGRESSIVE;
				GCC_WARN_UNUSED_FUNCTION = YES;
				GCC_WARN_UNUSED_VARIABLE = YES;
				IPHONEOS_DEPLOYMENT_TARGET = 26.1;
				MTL_ENABLE_DEBUG_INFO = INCLUDE_SOURCE;
				MTL_FAST_MATH = YES;
				ONLY_ACTIVE_ARCH = YES;
				PRODUCT_NAME = "$(TARGET_NAME)";
				SDKROOT = iphoneos;
				SWIFT_ACTIVE_COMPILATION_CONDITIONS = DEBUG;
				SWIFT_OPTIMIZATION_LEVEL = "-Onone";
				SWIFT_VERSION = 5.0;
			};
			name = Debug;
		};
		EE2812C1C58B2676496A1E3B /* Release */ = {
			isa = XCBuildConfiguration;
			buildSettings = {
				ASSETCATALOG_COMPILER_APPICON_NAME = AppIcon;
				CODE_SIGN_IDENTITY = "iPhone Developer";
				CODE_SIGN_STYLE = Automatic;
				GENERATE_INFOPLIST_FILE = YES;
				INFOPLIST_KEY_UIApplicationSceneManifest_Generation = YES;
				INFOPLIST_KEY_UILaunchScreen_Generation = YES;
				LD_RUNPATH_SEARCH_PATHS = (
					"$(inherited)",
					"@executable_path/Frameworks",
				);
				PRODUCT_BUNDLE_IDENTIFIER = com.swiftjs.catalogapp;
				PRODUCT_NAME = CatalogApp;
				SDKROOT = iphoneos;
				SUPPORTS_MACCATALYST = NO;
				SWIFT_VERSION = 6.0;
				TARGETED_DEVICE_FAMILY = 1;
			};
			name = Release;
		};
/* End XCBuildConfiguration section */

/* Begin XCConfigurationList section */
		17D1E8E96698E49382199C1C /* Build configuration list for PBXNativeTarget "CatalogApp" */ = {
			isa = XCConfigurationList;
			buildConfigurations = (
				23F7864C0E76D2FE3D3BFCC8 /* Debug */,
				EE2812C1C58B2676496A1E3B /* Release */,
			);
			defaultConfigurationIsVisible = 0;
			defaultConfigurationName = Debug;
		};
		3D3DC9B8EB6ADC40F5C63CDE /* Build configuration list for PBXProject "CatalogApp" */ = {
			isa = XCConfigurationList;
			buildConfigurations = (
				ED73A9860BC2F13DA58F1205 /* Debug */,
				66EA26A1DA66FE210F07AFBE /* Release */,
			);
			defaultConfigurationIsVisible = 0;
			defaultConfigurationName = Debug;
		};
/* End XCConfigurationList section */

/* Begin XCLocalSwiftPackageReference section */
		7F4093F45C5EF3EDFC2E2DC7 /* XCLocalSwiftPackageReference "../.." */ = {
			isa = XCLocalSwiftPackageReference;
			relativePath = ../..;
		};
/* End XCLocalSwiftPackageReference section */

/* Begin XCSwiftPackageProductDependency section */
		48CF8794BAAC1C6047C15C74 /* SwiftJS */ = {
			isa = XCSwiftPackageProductDependency;
			productName = SwiftJS;
		};
		A1274C2F9B5645C68AE47411 /* SwiftJSCalendar */ = {
			isa = XCSwiftPackageProductDependency;
			productName = SwiftJSCalendar;
		};
		A1274C2F9B5645C68AE47412 /* SwiftJSLocation */ = {
			isa = XCSwiftPackageProductDependency;
			productName = SwiftJSLocation;
		};
/* End XCSwiftPackageProductDependency section */
	};
	rootObject = 41602CD6098F2376F46CDCD8 /* Project object */;
}
